// !$*UTF8*$!
{
	archiveVersion = 1;
	classes = {
	};
	objectVersion = 50;
	objects = {

/* Begin PBXBuildFile section */
		4E03E00225BD6C420069A771 /* ProjectHelpImages.swift in Sources */ = {isa = PBXBuildFile; fileRef = 4E03E00125BD6C420069A771 /* ProjectHelpImages.swift */; };
		4E03E00C25BD7D910069A771 /* IssuesView.swift in Sources */ = {isa = PBXBuildFile; fileRef = 4E03E00B25BD7D910069A771 /* IssuesView.swift */; };
		4E03E01425BD7D9A0069A771 /* ChangesView.swift in Sources */ = {isa = PBXBuildFile; fileRef = 4E03E01325BD7D9A0069A771 /* ChangesView.swift */; };
		4E03E01925BD7DA30069A771 /* InformationView.swift in Sources */ = {isa = PBXBuildFile; fileRef = 4E03E01825BD7DA30069A771 /* InformationView.swift */; };
		4E03E01E25BD7DAF0069A771 /* CommentsView.swift in Sources */ = {isa = PBXBuildFile; fileRef = 4E03E01D25BD7DAF0069A771 /* CommentsView.swift */; };
		4E03E02325BDB5B30069A771 /* MainTabsFollow.swift in Sources */ = {isa = PBXBuildFile; fileRef = 4E03E02225BDB5B30069A771 /* MainTabsFollow.swift */; };
		4E03E02825BDB5ED0069A771 /* FollowingPage.swift in Sources */ = {isa = PBXBuildFile; fileRef = 4E03E02725BDB5ED0069A771 /* FollowingPage.swift */; };
		4E03E02D25BDB5F50069A771 /* FollowersPage.swift in Sources */ = {isa = PBXBuildFile; fileRef = 4E03E02C25BDB5F50069A771 /* FollowersPage.swift */; };
		4E1BBB9525AF5E5C000C8956 /* HomeView.swift in Sources */ = {isa = PBXBuildFile; fileRef = 4E1BBB9425AF5E5C000C8956 /* HomeView.swift */; };
		4E1BBB9A25AF5ED6000C8956 /* NotebookView.swift in Sources */ = {isa = PBXBuildFile; fileRef = 4E1BBB9925AF5ED6000C8956 /* NotebookView.swift */; };
		4E1BBBA225AF5FDB000C8956 /* ExploreView.swift in Sources */ = {isa = PBXBuildFile; fileRef = 4E1BBBA125AF5FDB000C8956 /* ExploreView.swift */; };
		4E1BBBA725AF603B000C8956 /* ChatsView.swift in Sources */ = {isa = PBXBuildFile; fileRef = 4E1BBBA625AF603B000C8956 /* ChatsView.swift */; };
		4E1BBBAC25AF60AB000C8956 /* ProfileView.swift in Sources */ = {isa = PBXBuildFile; fileRef = 4E1BBBAB25AF60AB000C8956 /* ProfileView.swift */; };
		4E22847125AF6FB20045A808 /* Images.xcassets in Resources */ = {isa = PBXBuildFile; fileRef = 4E22847025AF6FB20045A808 /* Images.xcassets */; };
		4E2875E125BDFF2400B5420D /* AddIssue.swift in Sources */ = {isa = PBXBuildFile; fileRef = 4E2875E025BDFF2400B5420D /* AddIssue.swift */; };
		4E2875E625BDFF2F00B5420D /* AddChange.swift in Sources */ = {isa = PBXBuildFile; fileRef = 4E2875E525BDFF2F00B5420D /* AddChange.swift */; };
		4E2875EF25BF27CD00B5420D /* AddNote.swift in Sources */ = {isa = PBXBuildFile; fileRef = 4E2875EE25BF27CD00B5420D /* AddNote.swift */; };
		4E2FBBF525BD658D00F5A173 /* MyProjectView.swift in Sources */ = {isa = PBXBuildFile; fileRef = 4E2FBBF425BD658D00F5A173 /* MyProjectView.swift */; };
		4E2FBBFA25BD65B500F5A173 /* PublishProjView.swift in Sources */ = {isa = PBXBuildFile; fileRef = 4E2FBBF925BD65B500F5A173 /* PublishProjView.swift */; };
		4E2FBBFF25BD65D000F5A173 /* EditProjectView.swift in Sources */ = {isa = PBXBuildFile; fileRef = 4E2FBBFE25BD65D000F5A173 /* EditProjectView.swift */; };
		4E316B8F25B1A00F0090CFA4 /* EditProfileView.swift in Sources */ = {isa = PBXBuildFile; fileRef = 4E316B8E25B1A00F0090CFA4 /* EditProfileView.swift */; };
		4E3211E925B1B77E00E313B7 /* SettingsView.swift in Sources */ = {isa = PBXBuildFile; fileRef = 4E3211E825B1B77E00E313B7 /* SettingsView.swift */; };
		4E3211EE25B1BAF300E313B7 /* AvaView.swift in Sources */ = {isa = PBXBuildFile; fileRef = 4E3211ED25B1BAF300E313B7 /* AvaView.swift */; };
		4E6B5FB425BDF159002DBF6B /* ProfileOtherUser.swift in Sources */ = {isa = PBXBuildFile; fileRef = 4E6B5FB325BDF159002DBF6B /* ProfileOtherUser.swift */; };
		4E6B5FB925BDF703002DBF6B /* ProjectOtherUser.swift in Sources */ = {isa = PBXBuildFile; fileRef = 4E6B5FB825BDF703002DBF6B /* ProjectOtherUser.swift */; };
		4E6B5FBF25BDFDE5002DBF6B /* FiltersView.swift in Sources */ = {isa = PBXBuildFile; fileRef = 4E6B5FBE25BDFDE5002DBF6B /* FiltersView.swift */; };
		4EA6015925BDC4D900F24C66 /* MessageView.swift in Sources */ = {isa = PBXBuildFile; fileRef = 4EA6015825BDC4D900F24C66 /* MessageView.swift */; };
		4EA6016125BDEB6000F24C66 /* AddChatView.swift in Sources */ = {isa = PBXBuildFile; fileRef = 4EA6016025BDEB6000F24C66 /* AddChatView.swift */; };
		4EFBF1AB25AE4B6600454BBB /* ProjectDevilApp.swift in Sources */ = {isa = PBXBuildFile; fileRef = 4EFBF1AA25AE4B6600454BBB /* ProjectDevilApp.swift */; };
		4EFBF1AD25AE4B6600454BBB /* MainView.swift in Sources */ = {isa = PBXBuildFile; fileRef = 4EFBF1AC25AE4B6600454BBB /* MainView.swift */; };
		4EFBF1AF25AE4B6700454BBB /* Assets.xcassets in Resources */ = {isa = PBXBuildFile; fileRef = 4EFBF1AE25AE4B6700454BBB /* Assets.xcassets */; };
		4EFBF1B225AE4B6700454BBB /* Preview Assets.xcassets in Resources */ = {isa = PBXBuildFile; fileRef = 4EFBF1B125AE4B6700454BBB /* Preview Assets.xcassets */; };
		4EFBF1BD25AE4B6700454BBB /* ProjectDevilTests.swift in Sources */ = {isa = PBXBuildFile; fileRef = 4EFBF1BC25AE4B6700454BBB /* ProjectDevilTests.swift */; };
		4EFBF1C825AE4B6700454BBB /* ProjectDevilUITests.swift in Sources */ = {isa = PBXBuildFile; fileRef = 4EFBF1C725AE4B6700454BBB /* ProjectDevilUITests.swift */; };
/* End PBXBuildFile section */

/* Begin PBXContainerItemProxy section */
		4EFBF1B925AE4B6700454BBB /* PBXContainerItemProxy */ = {
			isa = PBXContainerItemProxy;
			containerPortal = 4EFBF19F25AE4B6600454BBB /* Project object */;
			proxyType = 1;
			remoteGlobalIDString = 4EFBF1A625AE4B6600454BBB;
			remoteInfo = ProjectDevil;
		};
		4EFBF1C425AE4B6700454BBB /* PBXContainerItemProxy */ = {
			isa = PBXContainerItemProxy;
			containerPortal = 4EFBF19F25AE4B6600454BBB /* Project object */;
			proxyType = 1;
			remoteGlobalIDString = 4EFBF1A625AE4B6600454BBB;
			remoteInfo = ProjectDevil;
		};
/* End PBXContainerItemProxy section */

/* Begin PBXFileReference section */
		4E03E00125BD6C420069A771 /* ProjectHelpImages.swift */ = {isa = PBXFileReference; lastKnownFileType = sourcecode.swift; path = ProjectHelpImages.swift; sourceTree = "<group>"; };
		4E03E00B25BD7D910069A771 /* IssuesView.swift */ = {isa = PBXFileReference; lastKnownFileType = sourcecode.swift; path = IssuesView.swift; sourceTree = "<group>"; };
		4E03E01325BD7D9A0069A771 /* ChangesView.swift */ = {isa = PBXFileReference; lastKnownFileType = sourcecode.swift; path = ChangesView.swift; sourceTree = "<group>"; };
		4E03E01825BD7DA30069A771 /* InformationView.swift */ = {isa = PBXFileReference; lastKnownFileType = sourcecode.swift; path = InformationView.swift; sourceTree = "<group>"; };
		4E03E01D25BD7DAF0069A771 /* CommentsView.swift */ = {isa = PBXFileReference; lastKnownFileType = sourcecode.swift; path = CommentsView.swift; sourceTree = "<group>"; };
		4E03E02225BDB5B30069A771 /* MainTabsFollow.swift */ = {isa = PBXFileReference; lastKnownFileType = sourcecode.swift; path = MainTabsFollow.swift; sourceTree = "<group>"; };
		4E03E02725BDB5ED0069A771 /* FollowingPage.swift */ = {isa = PBXFileReference; lastKnownFileType = sourcecode.swift; path = FollowingPage.swift; sourceTree = "<group>"; };
		4E03E02C25BDB5F50069A771 /* FollowersPage.swift */ = {isa = PBXFileReference; lastKnownFileType = sourcecode.swift; path = FollowersPage.swift; sourceTree = "<group>"; };
		4E1BBB9425AF5E5C000C8956 /* HomeView.swift */ = {isa = PBXFileReference; lastKnownFileType = sourcecode.swift; path = HomeView.swift; sourceTree = "<group>"; };
		4E1BBB9925AF5ED6000C8956 /* NotebookView.swift */ = {isa = PBXFileReference; lastKnownFileType = sourcecode.swift; path = NotebookView.swift; sourceTree = "<group>"; };
		4E1BBBA125AF5FDB000C8956 /* ExploreView.swift */ = {isa = PBXFileReference; lastKnownFileType = sourcecode.swift; path = ExploreView.swift; sourceTree = "<group>"; };
		4E1BBBA625AF603B000C8956 /* ChatsView.swift */ = {isa = PBXFileReference; lastKnownFileType = sourcecode.swift; path = ChatsView.swift; sourceTree = "<group>"; };
		4E1BBBAB25AF60AB000C8956 /* ProfileView.swift */ = {isa = PBXFileReference; lastKnownFileType = sourcecode.swift; path = ProfileView.swift; sourceTree = "<group>"; };
		4E22847025AF6FB20045A808 /* Images.xcassets */ = {isa = PBXFileReference; lastKnownFileType = folder.assetcatalog; name = Images.xcassets; path = ../../../Desktop/Images.xcassets; sourceTree = "<group>"; };
		4E2875E025BDFF2400B5420D /* AddIssue.swift */ = {isa = PBXFileReference; lastKnownFileType = sourcecode.swift; path = AddIssue.swift; sourceTree = "<group>"; };
		4E2875E525BDFF2F00B5420D /* AddChange.swift */ = {isa = PBXFileReference; lastKnownFileType = sourcecode.swift; path = AddChange.swift; sourceTree = "<group>"; };
		4E2875EE25BF27CD00B5420D /* AddNote.swift */ = {isa = PBXFileReference; lastKnownFileType = sourcecode.swift; path = AddNote.swift; sourceTree = "<group>"; };
		4E2FBBF425BD658D00F5A173 /* MyProjectView.swift */ = {isa = PBXFileReference; lastKnownFileType = sourcecode.swift; path = MyProjectView.swift; sourceTree = "<group>"; };
		4E2FBBF925BD65B500F5A173 /* PublishProjView.swift */ = {isa = PBXFileReference; lastKnownFileType = sourcecode.swift; path = PublishProjView.swift; sourceTree = "<group>"; };
		4E2FBBFE25BD65D000F5A173 /* EditProjectView.swift */ = {isa = PBXFileReference; lastKnownFileType = sourcecode.swift; path = EditProjectView.swift; sourceTree = "<group>"; };
		4E316B8E25B1A00F0090CFA4 /* EditProfileView.swift */ = {isa = PBXFileReference; lastKnownFileType = sourcecode.swift; path = EditProfileView.swift; sourceTree = "<group>"; };
		4E3211E825B1B77E00E313B7 /* SettingsView.swift */ = {isa = PBXFileReference; lastKnownFileType = sourcecode.swift; path = SettingsView.swift; sourceTree = "<group>"; };
		4E3211ED25B1BAF300E313B7 /* AvaView.swift */ = {isa = PBXFileReference; lastKnownFileType = sourcecode.swift; path = AvaView.swift; sourceTree = "<group>"; };
		4E6B5FB325BDF159002DBF6B /* ProfileOtherUser.swift */ = {isa = PBXFileReference; lastKnownFileType = sourcecode.swift; path = ProfileOtherUser.swift; sourceTree = "<group>"; };
		4E6B5FB825BDF703002DBF6B /* ProjectOtherUser.swift */ = {isa = PBXFileReference; lastKnownFileType = sourcecode.swift; path = ProjectOtherUser.swift; sourceTree = "<group>"; };
		4E6B5FBE25BDFDE5002DBF6B /* FiltersView.swift */ = {isa = PBXFileReference; lastKnownFileType = sourcecode.swift; path = FiltersView.swift; sourceTree = "<group>"; };
		4EA6015825BDC4D900F24C66 /* MessageView.swift */ = {isa = PBXFileReference; lastKnownFileType = sourcecode.swift; path = MessageView.swift; sourceTree = "<group>"; };
		4EA6016025BDEB6000F24C66 /* AddChatView.swift */ = {isa = PBXFileReference; lastKnownFileType = sourcecode.swift; path = AddChatView.swift; sourceTree = "<group>"; };
		4EFBF1A725AE4B6600454BBB /* ProjectDevil.app */ = {isa = PBXFileReference; explicitFileType = wrapper.application; includeInIndex = 0; path = ProjectDevil.app; sourceTree = BUILT_PRODUCTS_DIR; };
		4EFBF1AA25AE4B6600454BBB /* ProjectDevilApp.swift */ = {isa = PBXFileReference; lastKnownFileType = sourcecode.swift; path = ProjectDevilApp.swift; sourceTree = "<group>"; };
		4EFBF1AC25AE4B6600454BBB /* MainView.swift */ = {isa = PBXFileReference; lastKnownFileType = sourcecode.swift; path = MainView.swift; sourceTree = "<group>"; };
		4EFBF1AE25AE4B6700454BBB /* Assets.xcassets */ = {isa = PBXFileReference; lastKnownFileType = folder.assetcatalog; path = Assets.xcassets; sourceTree = "<group>"; };
		4EFBF1B125AE4B6700454BBB /* Preview Assets.xcassets */ = {isa = PBXFileReference; lastKnownFileType = folder.assetcatalog; path = "Preview Assets.xcassets"; sourceTree = "<group>"; };
		4EFBF1B325AE4B6700454BBB /* Info.plist */ = {isa = PBXFileReference; lastKnownFileType = text.plist.xml; path = Info.plist; sourceTree = "<group>"; };
		4EFBF1B825AE4B6700454BBB /* ProjectDevilTests.xctest */ = {isa = PBXFileReference; explicitFileType = wrapper.cfbundle; includeInIndex = 0; path = ProjectDevilTests.xctest; sourceTree = BUILT_PRODUCTS_DIR; };
		4EFBF1BC25AE4B6700454BBB /* ProjectDevilTests.swift */ = {isa = PBXFileReference; lastKnownFileType = sourcecode.swift; path = ProjectDevilTests.swift; sourceTree = "<group>"; };
		4EFBF1BE25AE4B6700454BBB /* Info.plist */ = {isa = PBXFileReference; lastKnownFileType = text.plist.xml; path = Info.plist; sourceTree = "<group>"; };
		4EFBF1C325AE4B6700454BBB /* ProjectDevilUITests.xctest */ = {isa = PBXFileReference; explicitFileType = wrapper.cfbundle; includeInIndex = 0; path = ProjectDevilUITests.xctest; sourceTree = BUILT_PRODUCTS_DIR; };
		4EFBF1C725AE4B6700454BBB /* ProjectDevilUITests.swift */ = {isa = PBXFileReference; lastKnownFileType = sourcecode.swift; path = ProjectDevilUITests.swift; sourceTree = "<group>"; };
		4EFBF1C925AE4B6700454BBB /* Info.plist */ = {isa = PBXFileReference; lastKnownFileType = text.plist.xml; path = Info.plist; sourceTree = "<group>"; };
/* End PBXFileReference section */

/* Begin PBXFrameworksBuildPhase section */
		4EFBF1A425AE4B6600454BBB /* Frameworks */ = {
			isa = PBXFrameworksBuildPhase;
			buildActionMask = 2147483647;
			files = (
			);
			runOnlyForDeploymentPostprocessing = 0;
		};
		4EFBF1B525AE4B6700454BBB /* Frameworks */ = {
			isa = PBXFrameworksBuildPhase;
			buildActionMask = 2147483647;
			files = (
			);
			runOnlyForDeploymentPostprocessing = 0;
		};
		4EFBF1C025AE4B6700454BBB /* Frameworks */ = {
			isa = PBXFrameworksBuildPhase;
			buildActionMask = 2147483647;
			files = (
			);
			runOnlyForDeploymentPostprocessing = 0;
		};
/* End PBXFrameworksBuildPhase section */

/* Begin PBXGroup section */
		4E03E00625BD7D570069A771 /* Issues */ = {
			isa = PBXGroup;
			children = (
				4E03E00B25BD7D910069A771 /* IssuesView.swift */,
				4E2875E025BDFF2400B5420D /* AddIssue.swift */,
			);
			path = Issues;
			sourceTree = "<group>";
		};
		4E03E00725BD7D5E0069A771 /* Changes */ = {
			isa = PBXGroup;
			children = (
				4E03E01325BD7D9A0069A771 /* ChangesView.swift */,
				4E2875E525BDFF2F00B5420D /* AddChange.swift */,
			);
			path = Changes;
			sourceTree = "<group>";
		};
		4E03E00825BD7D630069A771 /* Information */ = {
			isa = PBXGroup;
			children = (
				4E03E01825BD7DA30069A771 /* InformationView.swift */,
			);
			path = Information;
			sourceTree = "<group>";
		};
		4E03E00925BD7D6B0069A771 /* Comments */ = {
			isa = PBXGroup;
			children = (
				4E03E01D25BD7DAF0069A771 /* CommentsView.swift */,
			);
			path = Comments;
			sourceTree = "<group>";
		};
		4E03E00A25BD7D750069A771 /* Hastags */ = {
			isa = PBXGroup;
			children = (
			);
			path = Hastags;
			sourceTree = "<group>";
		};
		4E03E03125BDB8F60069A771 /* FollowingFollowers */ = {
			isa = PBXGroup;
			children = (
				4E03E02225BDB5B30069A771 /* MainTabsFollow.swift */,
				4E03E02725BDB5ED0069A771 /* FollowingPage.swift */,
				4E03E02C25BDB5F50069A771 /* FollowersPage.swift */,
			);
			path = FollowingFollowers;
			sourceTree = "<group>";
		};
		4E1BBBB025AF6567000C8956 /* MainViews */ = {
			isa = PBXGroup;
			children = (
				4E2875EA25BF279C00B5420D /* Notebook */,
				4E6B5FBD25BDFDD1002DBF6B /* Explore */,
				4EA6015725BDC4C700F24C66 /* Message */,
				4E2FBC0525BD676500F5A173 /* Helpers */,
				4E2FBC0325BD673800F5A173 /* Project */,
				4E2FBC0425BD674B00F5A173 /* Profile */,
				4E03E03125BDB8F60069A771 /* FollowingFollowers */,
				4EFBF1AC25AE4B6600454BBB /* MainView.swift */,
				4E1BBB9425AF5E5C000C8956 /* HomeView.swift */,
				4E6B5FB825BDF703002DBF6B /* ProjectOtherUser.swift */,
			);
			path = MainViews;
			sourceTree = "<group>";
		};
		4E2875EA25BF279C00B5420D /* Notebook */ = {
			isa = PBXGroup;
			children = (
				4E1BBB9925AF5ED6000C8956 /* NotebookView.swift */,
				4E2875EE25BF27CD00B5420D /* AddNote.swift */,
			);
			path = Notebook;
			sourceTree = "<group>";
		};
		4E2FBC0325BD673800F5A173 /* Project */ = {
			isa = PBXGroup;
			children = (
				4E03E00A25BD7D750069A771 /* Hastags */,
				4E03E00925BD7D6B0069A771 /* Comments */,
				4E03E00825BD7D630069A771 /* Information */,
				4E03E00725BD7D5E0069A771 /* Changes */,
				4E03E00625BD7D570069A771 /* Issues */,
				4E2FBBF925BD65B500F5A173 /* PublishProjView.swift */,
				4E2FBBF425BD658D00F5A173 /* MyProjectView.swift */,
				4E2FBBFE25BD65D000F5A173 /* EditProjectView.swift */,
			);
			path = Project;
			sourceTree = "<group>";
		};
		4E2FBC0425BD674B00F5A173 /* Profile */ = {
			isa = PBXGroup;
			children = (
				4E1BBBAB25AF60AB000C8956 /* ProfileView.swift */,
				4E316B8E25B1A00F0090CFA4 /* EditProfileView.swift */,
				4E3211E825B1B77E00E313B7 /* SettingsView.swift */,
				4E6B5FB325BDF159002DBF6B /* ProfileOtherUser.swift */,
			);
			path = Profile;
			sourceTree = "<group>";
		};
		4E2FBC0525BD676500F5A173 /* Helpers */ = {
			isa = PBXGroup;
			children = (
				4E3211ED25B1BAF300E313B7 /* AvaView.swift */,
				4E03E00125BD6C420069A771 /* ProjectHelpImages.swift */,
			);
			path = Helpers;
			sourceTree = "<group>";
		};
		4E6B5FBD25BDFDD1002DBF6B /* Explore */ = {
			isa = PBXGroup;
			children = (
				4E1BBBA125AF5FDB000C8956 /* ExploreView.swift */,
				4E6B5FBE25BDFDE5002DBF6B /* FiltersView.swift */,
			);
			path = Explore;
			sourceTree = "<group>";
		};
		4EA6015725BDC4C700F24C66 /* Message */ = {
			isa = PBXGroup;
			children = (
				4E1BBBA625AF603B000C8956 /* ChatsView.swift */,
				4EA6015825BDC4D900F24C66 /* MessageView.swift */,
				4EA6016025BDEB6000F24C66 /* AddChatView.swift */,
			);
			path = Message;
			sourceTree = "<group>";
		};
		4EFBF19E25AE4B6600454BBB = {
			isa = PBXGroup;
			children = (
				4EFBF1A925AE4B6600454BBB /* ProjectDevil */,
				4EFBF1BB25AE4B6700454BBB /* ProjectDevilTests */,
				4EFBF1C625AE4B6700454BBB /* ProjectDevilUITests */,
				4EFBF1A825AE4B6600454BBB /* Products */,
			);
			sourceTree = "<group>";
		};
		4EFBF1A825AE4B6600454BBB /* Products */ = {
			isa = PBXGroup;
			children = (
				4EFBF1A725AE4B6600454BBB /* ProjectDevil.app */,
				4EFBF1B825AE4B6700454BBB /* ProjectDevilTests.xctest */,
				4EFBF1C325AE4B6700454BBB /* ProjectDevilUITests.xctest */,
			);
			name = Products;
			sourceTree = "<group>";
		};
		4EFBF1A925AE4B6600454BBB /* ProjectDevil */ = {
			isa = PBXGroup;
			children = (
				4E1BBBB025AF6567000C8956 /* MainViews */,
				4EFBF1AA25AE4B6600454BBB /* ProjectDevilApp.swift */,
				4EFBF1AE25AE4B6700454BBB /* Assets.xcassets */,
				4E22847025AF6FB20045A808 /* Images.xcassets */,
				4EFBF1B325AE4B6700454BBB /* Info.plist */,
				4EFBF1B025AE4B6700454BBB /* Preview Content */,
			);
			path = ProjectDevil;
			sourceTree = "<group>";
		};
		4EFBF1B025AE4B6700454BBB /* Preview Content */ = {
			isa = PBXGroup;
			children = (
				4EFBF1B125AE4B6700454BBB /* Preview Assets.xcassets */,
			);
			path = "Preview Content";
			sourceTree = "<group>";
		};
		4EFBF1BB25AE4B6700454BBB /* ProjectDevilTests */ = {
			isa = PBXGroup;
			children = (
				4EFBF1BC25AE4B6700454BBB /* ProjectDevilTests.swift */,
				4EFBF1BE25AE4B6700454BBB /* Info.plist */,
			);
			path = ProjectDevilTests;
			sourceTree = "<group>";
		};
		4EFBF1C625AE4B6700454BBB /* ProjectDevilUITests */ = {
			isa = PBXGroup;
			children = (
				4EFBF1C725AE4B6700454BBB /* ProjectDevilUITests.swift */,
				4EFBF1C925AE4B6700454BBB /* Info.plist */,
			);
			path = ProjectDevilUITests;
			sourceTree = "<group>";
		};
/* End PBXGroup section */

/* Begin PBXNativeTarget section */
		4EFBF1A625AE4B6600454BBB /* ProjectDevil */ = {
			isa = PBXNativeTarget;
			buildConfigurationList = 4EFBF1CC25AE4B6700454BBB /* Build configuration list for PBXNativeTarget "ProjectDevil" */;
			buildPhases = (
				4EFBF1A325AE4B6600454BBB /* Sources */,
				4EFBF1A425AE4B6600454BBB /* Frameworks */,
				4EFBF1A525AE4B6600454BBB /* Resources */,
			);
			buildRules = (
			);
			dependencies = (
			);
			name = ProjectDevil;
			productName = ProjectDevil;
			productReference = 4EFBF1A725AE4B6600454BBB /* ProjectDevil.app */;
			productType = "com.apple.product-type.application";
		};
		4EFBF1B725AE4B6700454BBB /* ProjectDevilTests */ = {
			isa = PBXNativeTarget;
			buildConfigurationList = 4EFBF1CF25AE4B6700454BBB /* Build configuration list for PBXNativeTarget "ProjectDevilTests" */;
			buildPhases = (
				4EFBF1B425AE4B6700454BBB /* Sources */,
				4EFBF1B525AE4B6700454BBB /* Frameworks */,
				4EFBF1B625AE4B6700454BBB /* Resources */,
			);
			buildRules = (
			);
			dependencies = (
				4EFBF1BA25AE4B6700454BBB /* PBXTargetDependency */,
			);
			name = ProjectDevilTests;
			productName = ProjectDevilTests;
			productReference = 4EFBF1B825AE4B6700454BBB /* ProjectDevilTests.xctest */;
			productType = "com.apple.product-type.bundle.unit-test";
		};
		4EFBF1C225AE4B6700454BBB /* ProjectDevilUITests */ = {
			isa = PBXNativeTarget;
			buildConfigurationList = 4EFBF1D225AE4B6700454BBB /* Build configuration list for PBXNativeTarget "ProjectDevilUITests" */;
			buildPhases = (
				4EFBF1BF25AE4B6700454BBB /* Sources */,
				4EFBF1C025AE4B6700454BBB /* Frameworks */,
				4EFBF1C125AE4B6700454BBB /* Resources */,
			);
			buildRules = (
			);
			dependencies = (
				4EFBF1C525AE4B6700454BBB /* PBXTargetDependency */,
			);
			name = ProjectDevilUITests;
			productName = ProjectDevilUITests;
			productReference = 4EFBF1C325AE4B6700454BBB /* ProjectDevilUITests.xctest */;
			productType = "com.apple.product-type.bundle.ui-testing";
		};
/* End PBXNativeTarget section */

/* Begin PBXProject section */
		4EFBF19F25AE4B6600454BBB /* Project object */ = {
			isa = PBXProject;
			attributes = {
				LastSwiftUpdateCheck = 1230;
				LastUpgradeCheck = 1230;
				TargetAttributes = {
					4EFBF1A625AE4B6600454BBB = {
						CreatedOnToolsVersion = 12.3;
					};
					4EFBF1B725AE4B6700454BBB = {
						CreatedOnToolsVersion = 12.3;
						TestTargetID = 4EFBF1A625AE4B6600454BBB;
					};
					4EFBF1C225AE4B6700454BBB = {
						CreatedOnToolsVersion = 12.3;
						TestTargetID = 4EFBF1A625AE4B6600454BBB;
					};
				};
			};
			buildConfigurationList = 4EFBF1A225AE4B6600454BBB /* Build configuration list for PBXProject "ProjectDevil" */;
			compatibilityVersion = "Xcode 9.3";
			developmentRegion = en;
			hasScannedForEncodings = 0;
			knownRegions = (
				en,
				Base,
			);
			mainGroup = 4EFBF19E25AE4B6600454BBB;
			productRefGroup = 4EFBF1A825AE4B6600454BBB /* Products */;
			projectDirPath = "";
			projectRoot = "";
			targets = (
				4EFBF1A625AE4B6600454BBB /* ProjectDevil */,
				4EFBF1B725AE4B6700454BBB /* ProjectDevilTests */,
				4EFBF1C225AE4B6700454BBB /* ProjectDevilUITests */,
			);
		};
/* End PBXProject section */

/* Begin PBXResourcesBuildPhase section */
		4EFBF1A525AE4B6600454BBB /* Resources */ = {
			isa = PBXResourcesBuildPhase;
			buildActionMask = 2147483647;
			files = (
				4E22847125AF6FB20045A808 /* Images.xcassets in Resources */,
				4EFBF1B225AE4B6700454BBB /* Preview Assets.xcassets in Resources */,
				4EFBF1AF25AE4B6700454BBB /* Assets.xcassets in Resources */,
			);
			runOnlyForDeploymentPostprocessing = 0;
		};
		4EFBF1B625AE4B6700454BBB /* Resources */ = {
			isa = PBXResourcesBuildPhase;
			buildActionMask = 2147483647;
			files = (
			);
			runOnlyForDeploymentPostprocessing = 0;
		};
		4EFBF1C125AE4B6700454BBB /* Resources */ = {
			isa = PBXResourcesBuildPhase;
			buildActionMask = 2147483647;
			files = (
			);
			runOnlyForDeploymentPostprocessing = 0;
		};
/* End PBXResourcesBuildPhase section */

/* Begin PBXSourcesBuildPhase section */
		4EFBF1A325AE4B6600454BBB /* Sources */ = {
			isa = PBXSourcesBuildPhase;
			buildActionMask = 2147483647;
			files = (
				4E6B5FBF25BDFDE5002DBF6B /* FiltersView.swift in Sources */,
				4E03E01425BD7D9A0069A771 /* ChangesView.swift in Sources */,
				4E1BBBA725AF603B000C8956 /* ChatsView.swift in Sources */,
				4EA6016125BDEB6000F24C66 /* AddChatView.swift in Sources */,
				4E03E01E25BD7DAF0069A771 /* CommentsView.swift in Sources */,
				4E2875E125BDFF2400B5420D /* AddIssue.swift in Sources */,
				4E03E00C25BD7D910069A771 /* IssuesView.swift in Sources */,
				4E03E02325BDB5B30069A771 /* MainTabsFollow.swift in Sources */,
				4E2FBBFA25BD65B500F5A173 /* PublishProjView.swift in Sources */,
				4E2875E625BDFF2F00B5420D /* AddChange.swift in Sources */,
				4EA6015925BDC4D900F24C66 /* MessageView.swift in Sources */,
				4E1BBB9525AF5E5C000C8956 /* HomeView.swift in Sources */,
				4E316B8F25B1A00F0090CFA4 /* EditProfileView.swift in Sources */,
				4E03E02D25BDB5F50069A771 /* FollowersPage.swift in Sources */,
				4E6B5FB425BDF159002DBF6B /* ProfileOtherUser.swift in Sources */,
				4E6B5FB925BDF703002DBF6B /* ProjectOtherUser.swift in Sources */,
				4E03E02825BDB5ED0069A771 /* FollowingPage.swift in Sources */,
				4E2FBBFF25BD65D000F5A173 /* EditProjectView.swift in Sources */,
				4E3211E925B1B77E00E313B7 /* SettingsView.swift in Sources */,
				4E03E00225BD6C420069A771 /* ProjectHelpImages.swift in Sources */,
				4E1BBB9A25AF5ED6000C8956 /* NotebookView.swift in Sources */,
				4EFBF1AD25AE4B6600454BBB /* MainView.swift in Sources */,
				4EFBF1AB25AE4B6600454BBB /* ProjectDevilApp.swift in Sources */,
				4E1BBBAC25AF60AB000C8956 /* ProfileView.swift in Sources */,
				4E2875EF25BF27CD00B5420D /* AddNote.swift in Sources */,
				4E1BBBA225AF5FDB000C8956 /* ExploreView.swift in Sources */,
				4E03E01925BD7DA30069A771 /* InformationView.swift in Sources */,
				4E2FBBF525BD658D00F5A173 /* MyProjectView.swift in Sources */,
				4E3211EE25B1BAF300E313B7 /* AvaView.swift in Sources */,
			);
			runOnlyForDeploymentPostprocessing = 0;
		};
		4EFBF1B425AE4B6700454BBB /* Sources */ = {
			isa = PBXSourcesBuildPhase;
			buildActionMask = 2147483647;
			files = (
				4EFBF1BD25AE4B6700454BBB /* ProjectDevilTests.swift in Sources */,
			);
			runOnlyForDeploymentPostprocessing = 0;
		};
		4EFBF1BF25AE4B6700454BBB /* Sources */ = {
			isa = PBXSourcesBuildPhase;
			buildActionMask = 2147483647;
			files = (
				4EFBF1C825AE4B6700454BBB /* ProjectDevilUITests.swift in Sources */,
			);
			runOnlyForDeploymentPostprocessing = 0;
		};
/* End PBXSourcesBuildPhase section */

/* Begin PBXTargetDependency section */
		4EFBF1BA25AE4B6700454BBB /* PBXTargetDependency */ = {
			isa = PBXTargetDependency;
			target = 4EFBF1A625AE4B6600454BBB /* ProjectDevil */;
			targetProxy = 4EFBF1B925AE4B6700454BBB /* PBXContainerItemProxy */;
		};
		4EFBF1C525AE4B6700454BBB /* PBXTargetDependency */ = {
			isa = PBXTargetDependency;
			target = 4EFBF1A625AE4B6600454BBB /* ProjectDevil */;
			targetProxy = 4EFBF1C425AE4B6700454BBB /* PBXContainerItemProxy */;
		};
/* End PBXTargetDependency section */

/* Begin XCBuildConfiguration section */
		4EFBF1CA25AE4B6700454BBB /* Debug */ = {
			isa = XCBuildConfiguration;
			buildSettings = {
				ALWAYS_SEARCH_USER_PATHS = NO;
				CLANG_ANALYZER_NONNULL = YES;
				CLANG_ANALYZER_NUMBER_OBJECT_CONVERSION = YES_AGGRESSIVE;
				CLANG_CXX_LANGUAGE_STANDARD = "gnu++14";
				CLANG_CXX_LIBRARY = "libc++";
				CLANG_ENABLE_MODULES = YES;
				CLANG_ENABLE_OBJC_ARC = YES;
				CLANG_ENABLE_OBJC_WEAK = YES;
				CLANG_WARN_BLOCK_CAPTURE_AUTORELEASING = YES;
				CLANG_WARN_BOOL_CONVERSION = YES;
				CLANG_WARN_COMMA = YES;
				CLANG_WARN_CONSTANT_CONVERSION = YES;
				CLANG_WARN_DEPRECATED_OBJC_IMPLEMENTATIONS = YES;
				CLANG_WARN_DIRECT_OBJC_ISA_USAGE = YES_ERROR;
				CLANG_WARN_DOCUMENTATION_COMMENTS = YES;
				CLANG_WARN_EMPTY_BODY = YES;
				CLANG_WARN_ENUM_CONVERSION = YES;
				CLANG_WARN_INFINITE_RECURSION = YES;
				CLANG_WARN_INT_CONVERSION = YES;
				CLANG_WARN_NON_LITERAL_NULL_CONVERSION = YES;
				CLANG_WARN_OBJC_IMPLICIT_RETAIN_SELF = YES;
				CLANG_WARN_OBJC_LITERAL_CONVERSION = YES;
				CLANG_WARN_OBJC_ROOT_CLASS = YES_ERROR;
				CLANG_WARN_QUOTED_INCLUDE_IN_FRAMEWORK_HEADER = YES;
				CLANG_WARN_RANGE_LOOP_ANALYSIS = YES;
				CLANG_WARN_STRICT_PROTOTYPES = YES;
				CLANG_WARN_SUSPICIOUS_MOVE = YES;
				CLANG_WARN_UNGUARDED_AVAILABILITY = YES_AGGRESSIVE;
				CLANG_WARN_UNREACHABLE_CODE = YES;
				CLANG_WARN__DUPLICATE_METHOD_MATCH = YES;
				COPY_PHASE_STRIP = NO;
				DEBUG_INFORMATION_FORMAT = dwarf;
				ENABLE_STRICT_OBJC_MSGSEND = YES;
				ENABLE_TESTABILITY = YES;
				GCC_C_LANGUAGE_STANDARD = gnu11;
				GCC_DYNAMIC_NO_PIC = NO;
				GCC_NO_COMMON_BLOCKS = YES;
				GCC_OPTIMIZATION_LEVEL = 0;
				GCC_PREPROCESSOR_DEFINITIONS = (
					"DEBUG=1",
					"$(inherited)",
				);
				GCC_WARN_64_TO_32_BIT_CONVERSION = YES;
				GCC_WARN_ABOUT_RETURN_TYPE = YES_ERROR;
				GCC_WARN_UNDECLARED_SELECTOR = YES;
				GCC_WARN_UNINITIALIZED_AUTOS = YES_AGGRESSIVE;
				GCC_WARN_UNUSED_FUNCTION = YES;
				GCC_WARN_UNUSED_VARIABLE = YES;
				IPHONEOS_DEPLOYMENT_TARGET = 14.3;
				MTL_ENABLE_DEBUG_INFO = INCLUDE_SOURCE;
				MTL_FAST_MATH = YES;
				ONLY_ACTIVE_ARCH = YES;
				SDKROOT = iphoneos;
				SWIFT_ACTIVE_COMPILATION_CONDITIONS = DEBUG;
				SWIFT_OPTIMIZATION_LEVEL = "-Onone";
			};
			name = Debug;
		};
		4EFBF1CB25AE4B6700454BBB /* Release */ = {
			isa = XCBuildConfiguration;
			buildSettings = {
				ALWAYS_SEARCH_USER_PATHS = NO;
				CLANG_ANALYZER_NONNULL = YES;
				CLANG_ANALYZER_NUMBER_OBJECT_CONVERSION = YES_AGGRESSIVE;
				CLANG_CXX_LANGUAGE_STANDARD = "gnu++14";
				CLANG_CXX_LIBRARY = "libc++";
				CLANG_ENABLE_MODULES = YES;
				CLANG_ENABLE_OBJC_ARC = YES;
				CLANG_ENABLE_OBJC_WEAK = YES;
				CLANG_WARN_BLOCK_CAPTURE_AUTORELEASING = YES;
				CLANG_WARN_BOOL_CONVERSION = YES;
				CLANG_WARN_COMMA = YES;
				CLANG_WARN_CONSTANT_CONVERSION = YES;
				CLANG_WARN_DEPRECATED_OBJC_IMPLEMENTATIONS = YES;
				CLANG_WARN_DIRECT_OBJC_ISA_USAGE = YES_ERROR;
				CLANG_WARN_DOCUMENTATION_COMMENTS = YES;
				CLANG_WARN_EMPTY_BODY = YES;
				CLANG_WARN_ENUM_CONVERSION = YES;
				CLANG_WARN_INFINITE_RECURSION = YES;
				CLANG_WARN_INT_CONVERSION = YES;
				CLANG_WARN_NON_LITERAL_NULL_CONVERSION = YES;
				CLANG_WARN_OBJC_IMPLICIT_RETAIN_SELF = YES;
				CLANG_WARN_OBJC_LITERAL_CONVERSION = YES;
				CLANG_WARN_OBJC_ROOT_CLASS = YES_ERROR;
				CLANG_WARN_QUOTED_INCLUDE_IN_FRAMEWORK_HEADER = YES;
				CLANG_WARN_RANGE_LOOP_ANALYSIS = YES;
				CLANG_WARN_STRICT_PROTOTYPES = YES;
				CLANG_WARN_SUSPICIOUS_MOVE = YES;
				CLANG_WARN_UNGUARDED_AVAILABILITY = YES_AGGRESSIVE;
				CLANG_WARN_UNREACHABLE_CODE = YES;
				CLANG_WARN__DUPLICATE_METHOD_MATCH = YES;
				COPY_PHASE_STRIP = NO;
				DEBUG_INFORMATION_FORMAT = "dwarf-with-dsym";
				ENABLE_NS_ASSERTIONS = NO;
				ENABLE_STRICT_OBJC_MSGSEND = YES;
				GCC_C_LANGUAGE_STANDARD = gnu11;
				GCC_NO_COMMON_BLOCKS = YES;
				GCC_WARN_64_TO_32_BIT_CONVERSION = YES;
				GCC_WARN_ABOUT_RETURN_TYPE = YES_ERROR;
				GCC_WARN_UNDECLARED_SELECTOR = YES;
				GCC_WARN_UNINITIALIZED_AUTOS = YES_AGGRESSIVE;
				GCC_WARN_UNUSED_FUNCTION = YES;
				GCC_WARN_UNUSED_VARIABLE = YES;
				IPHONEOS_DEPLOYMENT_TARGET = 14.3;
				MTL_ENABLE_DEBUG_INFO = NO;
				MTL_FAST_MATH = YES;
				SDKROOT = iphoneos;
				SWIFT_COMPILATION_MODE = wholemodule;
				SWIFT_OPTIMIZATION_LEVEL = "-O";
				VALIDATE_PRODUCT = YES;
			};
			name = Release;
		};
		4EFBF1CD25AE4B6700454BBB /* Debug */ = {
			isa = XCBuildConfiguration;
			buildSettings = {
				ASSETCATALOG_COMPILER_APPICON_NAME = AppIcon;
				ASSETCATALOG_COMPILER_GLOBAL_ACCENT_COLOR_NAME = AccentColor;
				CODE_SIGN_STYLE = Automatic;
				DEVELOPMENT_ASSET_PATHS = "\"ProjectDevil/Preview Content\"";
				DEVELOPMENT_TEAM = 4PHFKKTRDT;
				ENABLE_PREVIEWS = YES;
				INFOPLIST_FILE = ProjectDevil/Info.plist;
				IPHONEOS_DEPLOYMENT_TARGET = 14.0;
				LD_RUNPATH_SEARCH_PATHS = (
					"$(inherited)",
					"@executable_path/Frameworks",
				);
				PRODUCT_BUNDLE_IDENTIFIER = george.ProjectDevil;
				PRODUCT_NAME = "$(TARGET_NAME)";
				SWIFT_VERSION = 5.0;
				TARGETED_DEVICE_FAMILY = "1,2";
			};
			name = Debug;
		};
		4EFBF1CE25AE4B6700454BBB /* Release */ = {
			isa = XCBuildConfiguration;
			buildSettings = {
				ASSETCATALOG_COMPILER_APPICON_NAME = AppIcon;
				ASSETCATALOG_COMPILER_GLOBAL_ACCENT_COLOR_NAME = AccentColor;
				CODE_SIGN_STYLE = Automatic;
				DEVELOPMENT_ASSET_PATHS = "\"ProjectDevil/Preview Content\"";
				DEVELOPMENT_TEAM = 4PHFKKTRDT;
				ENABLE_PREVIEWS = YES;
				INFOPLIST_FILE = ProjectDevil/Info.plist;
				IPHONEOS_DEPLOYMENT_TARGET = 14.0;
				LD_RUNPATH_SEARCH_PATHS = (
					"$(inherited)",
					"@executable_path/Frameworks",
				);
				PRODUCT_BUNDLE_IDENTIFIER = george.ProjectDevil;
				PRODUCT_NAME = "$(TARGET_NAME)";
				SWIFT_VERSION = 5.0;
				TARGETED_DEVICE_FAMILY = "1,2";
			};
			name = Release;
		};
		4EFBF1D025AE4B6700454BBB /* Debug */ = {
			isa = XCBuildConfiguration;
			buildSettings = {
				ALWAYS_EMBED_SWIFT_STANDARD_LIBRARIES = YES;
				BUNDLE_LOADER = "$(TEST_HOST)";
				CODE_SIGN_STYLE = Automatic;
				DEVELOPMENT_TEAM = 4PHFKKTRDT;
				INFOPLIST_FILE = ProjectDevilTests/Info.plist;
				IPHONEOS_DEPLOYMENT_TARGET = 14.0;
				LD_RUNPATH_SEARCH_PATHS = (
					"$(inherited)",
					"@executable_path/Frameworks",
					"@loader_path/Frameworks",
				);
				PRODUCT_BUNDLE_IDENTIFIER = george.ProjectDevilTests;
				PRODUCT_NAME = "$(TARGET_NAME)";
				SWIFT_VERSION = 5.0;
				TARGETED_DEVICE_FAMILY = "1,2";
				TEST_HOST = "$(BUILT_PRODUCTS_DIR)/ProjectDevil.app/ProjectDevil";
			};
			name = Debug;
		};
		4EFBF1D125AE4B6700454BBB /* Release */ = {
			isa = XCBuildConfiguration;
			buildSettings = {
				ALWAYS_EMBED_SWIFT_STANDARD_LIBRARIES = YES;
				BUNDLE_LOADER = "$(TEST_HOST)";
				CODE_SIGN_STYLE = Automatic;
				DEVELOPMENT_TEAM = 4PHFKKTRDT;
				INFOPLIST_FILE = ProjectDevilTests/Info.plist;
				IPHONEOS_DEPLOYMENT_TARGET = 14.0;
				LD_RUNPATH_SEARCH_PATHS = (
					"$(inherited)",
					"@executable_path/Frameworks",
					"@loader_path/Frameworks",
				);
				PRODUCT_BUNDLE_IDENTIFIER = george.ProjectDevilTests;
				PRODUCT_NAME = "$(TARGET_NAME)";
				SWIFT_VERSION = 5.0;
				TARGETED_DEVICE_FAMILY = "1,2";
				TEST_HOST = "$(BUILT_PRODUCTS_DIR)/ProjectDevil.app/ProjectDevil";
			};
			name = Release;
		};
		4EFBF1D325AE4B6700454BBB /* Debug */ = {
			isa = XCBuildConfiguration;
			buildSettings = {
				ALWAYS_EMBED_SWIFT_STANDARD_LIBRARIES = YES;
				CODE_SIGN_STYLE = Automatic;
				DEVELOPMENT_TEAM = 4PHFKKTRDT;
				INFOPLIST_FILE = ProjectDevilUITests/Info.plist;
				LD_RUNPATH_SEARCH_PATHS = (
					"$(inherited)",
					"@executable_path/Frameworks",
					"@loader_path/Frameworks",
				);
				PRODUCT_BUNDLE_IDENTIFIER = george.ProjectDevilUITests;
				PRODUCT_NAME = "$(TARGET_NAME)";
				SWIFT_VERSION = 5.0;
				TARGETED_DEVICE_FAMILY = "1,2";
				TEST_TARGET_NAME = ProjectDevil;
			};
			name = Debug;
		};
		4EFBF1D425AE4B6700454BBB /* Release */ = {
			isa = XCBuildConfiguration;
			buildSettings = {
				ALWAYS_EMBED_SWIFT_STANDARD_LIBRARIES = YES;
				CODE_SIGN_STYLE = Automatic;
				DEVELOPMENT_TEAM = 4PHFKKTRDT;
				INFOPLIST_FILE = ProjectDevilUITests/Info.plist;
				LD_RUNPATH_SEARCH_PATHS = (
					"$(inherited)",
					"@executable_path/Frameworks",
					"@loader_path/Frameworks",
				);
				PRODUCT_BUNDLE_IDENTIFIER = george.ProjectDevilUITests;
				PRODUCT_NAME = "$(TARGET_NAME)";
				SWIFT_VERSION = 5.0;
				TARGETED_DEVICE_FAMILY = "1,2";
				TEST_TARGET_NAME = ProjectDevil;
			};
			name = Release;
		};
/* End XCBuildConfiguration section */

/* Begin XCConfigurationList section */
		4EFBF1A225AE4B6600454BBB /* Build configuration list for PBXProject "ProjectDevil" */ = {
			isa = XCConfigurationList;
			buildConfigurations = (
				4EFBF1CA25AE4B6700454BBB /* Debug */,
				4EFBF1CB25AE4B6700454BBB /* Release */,
			);
			defaultConfigurationIsVisible = 0;
			defaultConfigurationName = Release;
		};
		4EFBF1CC25AE4B6700454BBB /* Build configuration list for PBXNativeTarget "ProjectDevil" */ = {
			isa = XCConfigurationList;
			buildConfigurations = (
				4EFBF1CD25AE4B6700454BBB /* Debug */,
				4EFBF1CE25AE4B6700454BBB /* Release */,
			);
			defaultConfigurationIsVisible = 0;
			defaultConfigurationName = Release;
		};
		4EFBF1CF25AE4B6700454BBB /* Build configuration list for PBXNativeTarget "ProjectDevilTests" */ = {
			isa = XCConfigurationList;
			buildConfigurations = (
				4EFBF1D025AE4B6700454BBB /* Debug */,
				4EFBF1D125AE4B6700454BBB /* Release */,
			);
			defaultConfigurationIsVisible = 0;
			defaultConfigurationName = Release;
		};
		4EFBF1D225AE4B6700454BBB /* Build configuration list for PBXNativeTarget "ProjectDevilUITests" */ = {
			isa = XCConfigurationList;
			buildConfigurations = (
				4EFBF1D325AE4B6700454BBB /* Debug */,
				4EFBF1D425AE4B6700454BBB /* Release */,
			);
			defaultConfigurationIsVisible = 0;
			defaultConfigurationName = Release;
		};
/* End XCConfigurationList section */
	};
	rootObject = 4EFBF19F25AE4B6600454BBB /* Project object */;
}
